
Microsoft Visual Studio Solution File, Format Version 12.00
# Visual Studio 15
VisualStudioVersion = 15.0.27703.2026
MinimumVisualStudioVersion = 10.0.40219.1
Project("{FAE04EC0-301F-11D3-BF4B-00C04F79EFBC}") = "FInalExamProblem", "FInalExamProblem\FInalExamProblem.csproj", "{A79EED7A-0C7D-46AC-B701-B8A57D44E1CA}"
EndProject
Global
	GlobalSection(SolutionConfigurationPlatforms) = preSolution
		Debug|Any CPU = Debug|Any CPU
		Release|Any CPU = Release|Any CPU
	EndGlobalSection
	GlobalSection(ProjectConfigurationPlatforms) = postSolution
		{A79EED7A-0C7D-46AC-B701-B8A57D44E1CA}.Debug|Any CPU.ActiveCfg = Debug|Any CPU
		{A79EED7A-0C7D-46AC-B701-B8A57D44E1CA}.Debug|Any CPU.Build.0 = Debug|Any CPU
		{A79EED7A-0C7D-46AC-B701-B8A57D44E1CA}.Release|Any CPU.ActiveCfg = Release|Any CPU
		{A79EED7A-0C7D-46AC-B701-B8A57D44E1CA}.Release|Any CPU.Build.0 = Release|Any CPU
	EndGlobalSection
	GlobalSection(SolutionProperties) = preSolution
		HideSolutionNode = FALSE
	EndGlobalSection
	GlobalSection(ExtensibilityGlobals) = postSolution
		SolutionGuid = {FD382508-59C0-4567-AD48-9098A0B84369}
	EndGlobalSection
EndGlobal
